// !$*UTF8*$!
{
	archiveVersion = 1;
	classes = {
	};
	objectVersion = 55;
	objects = {

/* Begin PBXBuildFile section */
		83189B6A27D7A7F700394379 /* WelcomeViewController.swift in Sources */ = {isa = PBXBuildFile; fileRef = 83189B6927D7A7F700394379 /* WelcomeViewController.swift */; };
		833314DF27DBC1EF004DA1ED /* User.swift in Sources */ = {isa = PBXBuildFile; fileRef = 833314DE27DBC1EF004DA1ED /* User.swift */; };
		833314E127DBC1FE004DA1ED /* Person.swift in Sources */ = {isa = PBXBuildFile; fileRef = 833314E027DBC1FE004DA1ED /* Person.swift */; };
		833314E327DC735D004DA1ED /* PersonalDataViewController.swift in Sources */ = {isa = PBXBuildFile; fileRef = 833314E227DC735D004DA1ED /* PersonalDataViewController.swift */; };
		833314E527DC7445004DA1ED /* BusinessCardViewController.swift in Sources */ = {isa = PBXBuildFile; fileRef = 833314E427DC7445004DA1ED /* BusinessCardViewController.swift */; };
		833B873A27D72F0D00DA8E96 /* AppDelegate.swift in Sources */ = {isa = PBXBuildFile; fileRef = 833B873927D72F0D00DA8E96 /* AppDelegate.swift */; };
		833B873C27D72F0D00DA8E96 /* SceneDelegate.swift in Sources */ = {isa = PBXBuildFile; fileRef = 833B873B27D72F0D00DA8E96 /* SceneDelegate.swift */; };
		833B874127D72F0D00DA8E96 /* Main.storyboard in Resources */ = {isa = PBXBuildFile; fileRef = 833B873F27D72F0D00DA8E96 /* Main.storyboard */; };
		833B874327D72F0E00DA8E96 /* Assets.xcassets in Resources */ = {isa = PBXBuildFile; fileRef = 833B874227D72F0E00DA8E96 /* Assets.xcassets */; };
		833B874627D72F0E00DA8E96 /* LaunchScreen.storyboard in Resources */ = {isa = PBXBuildFile; fileRef = 833B874427D72F0E00DA8E96 /* LaunchScreen.storyboard */; };
		833B874E27D72F6200DA8E96 /* LoginViewController.swift in Sources */ = {isa = PBXBuildFile; fileRef = 833B874D27D72F6200DA8E96 /* LoginViewController.swift */; };
/* End PBXBuildFile section */

/* Begin PBXFileReference section */
		83189B6927D7A7F700394379 /* WelcomeViewController.swift */ = {isa = PBXFileReference; lastKnownFileType = sourcecode.swift; path = WelcomeViewController.swift; sourceTree = "<group>"; };
		833314DE27DBC1EF004DA1ED /* User.swift */ = {isa = PBXFileReference; lastKnownFileType = sourcecode.swift; path = User.swift; sourceTree = "<group>"; };
		833314E027DBC1FE004DA1ED /* Person.swift */ = {isa = PBXFileReference; lastKnownFileType = sourcecode.swift; path = Person.swift; sourceTree = "<group>"; };
		833314E227DC735D004DA1ED /* PersonalDataViewController.swift */ = {isa = PBXFileReference; lastKnownFileType = sourcecode.swift; name = PersonalDataViewController.swift; path = LoginApp/ViewControllers/PersonalDataViewController.swift; sourceTree = SOURCE_ROOT; };
		833314E427DC7445004DA1ED /* BusinessCardViewController.swift */ = {isa = PBXFileReference; lastKnownFileType = sourcecode.swift; path = BusinessCardViewController.swift; sourceTree = "<group>"; };
		833B873627D72F0D00DA8E96 /* LoginApp.app */ = {isa = PBXFileReference; explicitFileType = wrapper.application; includeInIndex = 0; path = LoginApp.app; sourceTree = BUILT_PRODUCTS_DIR; };
		833B873927D72F0D00DA8E96 /* AppDelegate.swift */ = {isa = PBXFileReference; lastKnownFileType = sourcecode.swift; path = AppDelegate.swift; sourceTree = "<group>"; };
		833B873B27D72F0D00DA8E96 /* SceneDelegate.swift */ = {isa = PBXFileReference; lastKnownFileType = sourcecode.swift; path = SceneDelegate.swift; sourceTree = "<group>"; };
		833B874027D72F0D00DA8E96 /* Base */ = {isa = PBXFileReference; lastKnownFileType = file.storyboard; name = Base; path = Base.lproj/Main.storyboard; sourceTree = "<group>"; };
		833B874227D72F0E00DA8E96 /* Assets.xcassets */ = {isa = PBXFileReference; lastKnownFileType = folder.assetcatalog; path = Assets.xcassets; sourceTree = "<group>"; };
		833B874527D72F0E00DA8E96 /* Base */ = {isa = PBXFileReference; lastKnownFileType = file.storyboard; name = Base; path = Base.lproj/LaunchScreen.storyboard; sourceTree = "<group>"; };
		833B874727D72F0E00DA8E96 /* Info.plist */ = {isa = PBXFileReference; lastKnownFileType = text.plist.xml; path = Info.plist; sourceTree = "<group>"; };
		833B874D27D72F6200DA8E96 /* LoginViewController.swift */ = {isa = PBXFileReference; lastKnownFileType = sourcecode.swift; path = LoginViewController.swift; sourceTree = "<group>"; };
/* End PBXFileReference section */

/* Begin PBXFrameworksBuildPhase section */
		833B873327D72F0D00DA8E96 /* Frameworks */ = {
			isa = PBXFrameworksBuildPhase;
			buildActionMask = 2147483647;
			files = (
			);
			runOnlyForDeploymentPostprocessing = 0;
		};
/* End PBXFrameworksBuildPhase section */

/* Begin PBXGroup section */
		833314D927DBAB4F004DA1ED /* ViewControllers */ = {
			isa = PBXGroup;
			children = (
				833314E427DC7445004DA1ED /* BusinessCardViewController.swift */,
				833314E227DC735D004DA1ED /* PersonalDataViewController.swift */,
				83189B6927D7A7F700394379 /* WelcomeViewController.swift */,
				833B874D27D72F6200DA8E96 /* LoginViewController.swift */,
			);
			path = ViewControllers;
			sourceTree = "<group>";
		};
		833314DA27DBABD6004DA1ED /* App */ = {
			isa = PBXGroup;
			children = (
				833B873927D72F0D00DA8E96 /* AppDelegate.swift */,
				833B873B27D72F0D00DA8E96 /* SceneDelegate.swift */,
				833B874727D72F0E00DA8E96 /* Info.plist */,
			);
			path = App;
			sourceTree = "<group>";
		};
		833314DB27DBABFD004DA1ED /* Resources */ = {
			isa = PBXGroup;
			children = (
				833B874227D72F0E00DA8E96 /* Assets.xcassets */,
			);
			path = Resources;
			sourceTree = "<group>";
		};
		833314DC27DBAC2A004DA1ED /* Storyboards */ = {
			isa = PBXGroup;
			children = (
				833B873F27D72F0D00DA8E96 /* Main.storyboard */,
				833B874427D72F0E00DA8E96 /* LaunchScreen.storyboard */,
			);
			path = Storyboards;
			sourceTree = "<group>";
		};
		833314DD27DBACA9004DA1ED /* Models */ = {
			isa = PBXGroup;
			children = (
				833314DE27DBC1EF004DA1ED /* User.swift */,
				833314E027DBC1FE004DA1ED /* Person.swift */,
			);
			path = Models;
			sourceTree = "<group>";
		};
		833B872D27D72F0D00DA8E96 = {
			isa = PBXGroup;
			children = (
				833B873827D72F0D00DA8E96 /* LoginApp */,
				833B873727D72F0D00DA8E96 /* Products */,
			);
			sourceTree = "<group>";
		};
		833B873727D72F0D00DA8E96 /* Products */ = {
			isa = PBXGroup;
			children = (
				833B873627D72F0D00DA8E96 /* LoginApp.app */,
			);
			name = Products;
			sourceTree = "<group>";
		};
		833B873827D72F0D00DA8E96 /* LoginApp */ = {
			isa = PBXGroup;
			children = (
				833314D927DBAB4F004DA1ED /* ViewControllers */,
				833314DD27DBACA9004DA1ED /* Models */,
				833314DC27DBAC2A004DA1ED /* Storyboards */,
				833314DB27DBABFD004DA1ED /* Resources */,
				833314DA27DBABD6004DA1ED /* App */,
			);
			path = LoginApp;
			sourceTree = "<group>";
		};
/* End PBXGroup section */

/* Begin PBXNativeTarget section */
		833B873527D72F0D00DA8E96 /* LoginApp */ = {
			isa = PBXNativeTarget;
			buildConfigurationList = 833B874A27D72F0E00DA8E96 /* Build configuration list for PBXNativeTarget "LoginApp" */;
			buildPhases = (
				833B873227D72F0D00DA8E96 /* Sources */,
				833B873327D72F0D00DA8E96 /* Frameworks */,
				833B873427D72F0D00DA8E96 /* Resources */,
			);
			buildRules = (
			);
			dependencies = (
			);
			name = LoginApp;
			productName = LoginApp;
			productReference = 833B873627D72F0D00DA8E96 /* LoginApp.app */;
			productType = "com.apple.product-type.application";
		};
/* End PBXNativeTarget section */

/* Begin PBXProject section */
		833B872E27D72F0D00DA8E96 /* Project object */ = {
			isa = PBXProject;
			attributes = {
				BuildIndependentTargetsInParallel = 1;
				LastSwiftUpdateCheck = 1320;
				LastUpgradeCheck = 1320;
				TargetAttributes = {
					833B873527D72F0D00DA8E96 = {
						CreatedOnToolsVersion = 13.2.1;
					};
				};
			};
			buildConfigurationList = 833B873127D72F0D00DA8E96 /* Build configuration list for PBXProject "LoginApp" */;
			compatibilityVersion = "Xcode 13.0";
			developmentRegion = en;
			hasScannedForEncodings = 0;
			knownRegions = (
				en,
				Base,
			);
			mainGroup = 833B872D27D72F0D00DA8E96;
			productRefGroup = 833B873727D72F0D00DA8E96 /* Products */;
			projectDirPath = "";
			projectRoot = "";
			targets = (
				833B873527D72F0D00DA8E96 /* LoginApp */,
			);
		};
/* End PBXProject section */

/* Begin PBXResourcesBuildPhase section */
		833B873427D72F0D00DA8E96 /* Resources */ = {
			isa = PBXResourcesBuildPhase;
			buildActionMask = 2147483647;
			files = (
				833B874627D72F0E00DA8E96 /* LaunchScreen.storyboard in Resources */,
				833B874327D72F0E00DA8E96 /* Assets.xcassets in Resources */,
				833B874127D72F0D00DA8E96 /* Main.storyboard in Resources */,
			);
			runOnlyForDeploymentPostprocessing = 0;
		};
/* End PBXResourcesBuildPhase section */

/* Begin PBXSourcesBuildPhase section */
		833B873227D72F0D00DA8E96 /* Sources */ = {
			isa = PBXSourcesBuildPhase;
			buildActionMask = 2147483647;
			files = (
				833314E527DC7445004DA1ED /* BusinessCardViewController.swift in Sources */,
				833314E327DC735D004DA1ED /* PersonalDataViewController.swift in Sources */,
				833314E127DBC1FE004DA1ED /* Person.swift in Sources */,
				833B874E27D72F6200DA8E96 /* LoginViewController.swift in Sources */,
				83189B6A27D7A7F700394379 /* WelcomeViewController.swift in Sources */,
				833B873A27D72F0D00DA8E96 /* AppDelegate.swift in Sources */,
				833314DF27DBC1EF004DA1ED /* User.swift in Sources */,
				833B873C27D72F0D00DA8E96 /* SceneDelegate.swift in Sources */,
			);
			runOnlyForDeploymentPostprocessing = 0;
		};
/* End PBXSourcesBuildPhase section */

/* Begin PBXVariantGroup section */
		833B873F27D72F0D00DA8E96 /* Main.storyboard */ = {
			isa = PBXVariantGroup;
			children = (
				833B874027D72F0D00DA8E96 /* Base */,
			);
			name = Main.storyboard;
			sourceTree = "<group>";
		};
		833B874427D72F0E00DA8E96 /* LaunchScreen.storyboard */ = {
			isa = PBXVariantGroup;
			children = (
				833B874527D72F0E00DA8E96 /* Base */,
			);
			name = LaunchScreen.storyboard;
			sourceTree = "<group>";
		};
/* End PBXVariantGroup section */

/* Begin XCBuildConfiguration section */
		833B874827D72F0E00DA8E96 /* Debug */ = {
			isa = XCBuildConfiguration;
			buildSettings = {
				ALWAYS_SEARCH_USER_PATHS = NO;
				CLANG_ANALYZER_NONNULL = YES;
				CLANG_ANALYZER_NUMBER_OBJECT_CONVERSION = YES_AGGRESSIVE;
				CLANG_CXX_LANGUAGE_STANDARD = "gnu++17";
				CLANG_CXX_LIBRARY = "libc++";
				CLANG_ENABLE_MODULES = YES;
				CLANG_ENABLE_OBJC_ARC = YES;
				CLANG_ENABLE_OBJC_WEAK = YES;
				CLANG_WARN_BLOCK_CAPTURE_AUTORELEASING = YES;
				CLANG_WARN_BOOL_CONVERSION = YES;
				CLANG_WARN_COMMA = YES;
				CLANG_WARN_CONSTANT_CONVERSION = YES;
				CLANG_WARN_DEPRECATED_OBJC_IMPLEMENTATIONS = YES;
				CLANG_WARN_DIRECT_OBJC_ISA_USAGE = YES_ERROR;
				CLANG_WARN_DOCUMENTATION_COMMENTS = YES;
				CLANG_WARN_EMPTY_BODY = YES;
				CLANG_WARN_ENUM_CONVERSION = YES;
				CLANG_WARN_INFINITE_RECURSION = YES;
				CLANG_WARN_INT_CONVERSION = YES;
				CLANG_WARN_NON_LITERAL_NULL_CONVERSION = YES;
				CLANG_WARN_OBJC_IMPLICIT_RETAIN_SELF = YES;
				CLANG_WARN_OBJC_LITERAL_CONVERSION = YES;
				CLANG_WARN_OBJC_ROOT_CLASS = YES_ERROR;
				CLANG_WARN_QUOTED_INCLUDE_IN_FRAMEWORK_HEADER = YES;
				CLANG_WARN_RANGE_LOOP_ANALYSIS = YES;
				CLANG_WARN_STRICT_PROTOTYPES = YES;
				CLANG_WARN_SUSPICIOUS_MOVE = YES;
				CLANG_WARN_UNGUARDED_AVAILABILITY = YES_AGGRESSIVE;
				CLANG_WARN_UNREACHABLE_CODE = YES;
				CLANG_WARN__DUPLICATE_METHOD_MATCH = YES;
				COPY_PHASE_STRIP = NO;
				DEBUG_INFORMATION_FORMAT = dwarf;
				ENABLE_STRICT_OBJC_MSGSEND = YES;
				ENABLE_TESTABILITY = YES;
				GCC_C_LANGUAGE_STANDARD = gnu11;
				GCC_DYNAMIC_NO_PIC = NO;
				GCC_NO_COMMON_BLOCKS = YES;
				GCC_OPTIMIZATION_LEVEL = 0;
				GCC_PREPROCESSOR_DEFINITIONS = (
					"DEBUG=1",
					"$(inherited)",
				);
				GCC_WARN_64_TO_32_BIT_CONVERSION = YES;
				GCC_WARN_ABOUT_RETURN_TYPE = YES_ERROR;
				GCC_WARN_UNDECLARED_SELECTOR = YES;
				GCC_WARN_UNINITIALIZED_AUTOS = YES_AGGRESSIVE;
				GCC_WARN_UNUSED_FUNCTION = YES;
				GCC_WARN_UNUSED_VARIABLE = YES;
				IPHONEOS_DEPLOYMENT_TARGET = 15.2;
				MTL_ENABLE_DEBUG_INFO = INCLUDE_SOURCE;
				MTL_FAST_MATH = YES;
				ONLY_ACTIVE_ARCH = YES;
				SDKROOT = iphoneos;
				SWIFT_ACTIVE_COMPILATION_CONDITIONS = DEBUG;
				SWIFT_OPTIMIZATION_LEVEL = "-Onone";
			};
			name = Debug;
		};
		833B874927D72F0E00DA8E96 /* Release */ = {
			isa = XCBuildConfiguration;
			buildSettings = {
				ALWAYS_SEARCH_USER_PATHS = NO;
				CLANG_ANALYZER_NONNULL = YES;
				CLANG_ANALYZER_NUMBER_OBJECT_CONVERSION = YES_AGGRESSIVE;
				CLANG_CXX_LANGUAGE_STANDARD = "gnu++17";
				CLANG_CXX_LIBRARY = "libc++";
				CLANG_ENABLE_MODULES = YES;
				CLANG_ENABLE_OBJC_ARC = YES;
				CLANG_ENABLE_OBJC_WEAK = YES;
				CLANG_WARN_BLOCK_CAPTURE_AUTORELEASING = YES;
				CLANG_WARN_BOOL_CONVERSION = YES;
				CLANG_WARN_COMMA = YES;
				CLANG_WARN_CONSTANT_CONVERSION = YES;
				CLANG_WARN_DEPRECATED_OBJC_IMPLEMENTATIONS = YES;
				CLANG_WARN_DIRECT_OBJC_ISA_USAGE = YES_ERROR;
				CLANG_WARN_DOCUMENTATION_COMMENTS = YES;
				CLANG_WARN_EMPTY_BODY = YES;
				CLANG_WARN_ENUM_CONVERSION = YES;
				CLANG_WARN_INFINITE_RECURSION = YES;
				CLANG_WARN_INT_CONVERSION = YES;
				CLANG_WARN_NON_LITERAL_NULL_CONVERSION = YES;
				CLANG_WARN_OBJC_IMPLICIT_RETAIN_SELF = YES;
				CLANG_WARN_OBJC_LITERAL_CONVERSION = YES;
				CLANG_WARN_OBJC_ROOT_CLASS = YES_ERROR;
				CLANG_WARN_QUOTED_INCLUDE_IN_FRAMEWORK_HEADER = YES;
				CLANG_WARN_RANGE_LOOP_ANALYSIS = YES;
				CLANG_WARN_STRICT_PROTOTYPES = YES;
				CLANG_WARN_SUSPICIOUS_MOVE = YES;
				CLANG_WARN_UNGUARDED_AVAILABILITY = YES_AGGRESSIVE;
				CLANG_WARN_UNREACHABLE_CODE = YES;
				CLANG_WARN__DUPLICATE_METHOD_MATCH = YES;
				COPY_PHASE_STRIP = NO;
				DEBUG_INFORMATION_FORMAT = "dwarf-with-dsym";
				ENABLE_NS_ASSERTIONS = NO;
				ENABLE_STRICT_OBJC_MSGSEND = YES;
				GCC_C_LANGUAGE_STANDARD = gnu11;
				GCC_NO_COMMON_BLOCKS = YES;
				GCC_WARN_64_TO_32_BIT_CONVERSION = YES;
				GCC_WARN_ABOUT_RETURN_TYPE = YES_ERROR;
				GCC_WARN_UNDECLARED_SELECTOR = YES;
				GCC_WARN_UNINITIALIZED_AUTOS = YES_AGGRESSIVE;
				GCC_WARN_UNUSED_FUNCTION = YES;
				GCC_WARN_UNUSED_VARIABLE = YES;
				IPHONEOS_DEPLOYMENT_TARGET = 15.2;
				MTL_ENABLE_DEBUG_INFO = NO;
				MTL_FAST_MATH = YES;
				SDKROOT = iphoneos;
				SWIFT_COMPILATION_MODE = wholemodule;
				SWIFT_OPTIMIZATION_LEVEL = "-O";
				VALIDATE_PRODUCT = YES;
			};
			name = Release;
		};
		833B874B27D72F0E00DA8E96 /* Debug */ = {
			isa = XCBuildConfiguration;
			buildSettings = {
				ASSETCATALOG_COMPILER_APPICON_NAME = AppIcon;
				ASSETCATALOG_COMPILER_GLOBAL_ACCENT_COLOR_NAME = AccentColor;
				CODE_SIGN_STYLE = Manual;
				CURRENT_PROJECT_VERSION = 1;
				DEVELOPMENT_TEAM = "";
				GENERATE_INFOPLIST_FILE = YES;
				INFOPLIST_FILE = LoginApp/App/Info.plist;
				INFOPLIST_KEY_UIApplicationSupportsIndirectInputEvents = YES;
				INFOPLIST_KEY_UILaunchStoryboardName = LaunchScreen;
				INFOPLIST_KEY_UIMainStoryboardFile = Main;
				INFOPLIST_KEY_UISupportedInterfaceOrientations_iPad = "UIInterfaceOrientationPortrait UIInterfaceOrientationPortraitUpsideDown UIInterfaceOrientationLandscapeLeft UIInterfaceOrientationLandscapeRight";
				INFOPLIST_KEY_UISupportedInterfaceOrientations_iPhone = "UIInterfaceOrientationPortrait UIInterfaceOrientationLandscapeLeft UIInterfaceOrientationLandscapeRight";
				LD_RUNPATH_SEARCH_PATHS = (
					"$(inherited)",
					"@executable_path/Frameworks",
				);
				MARKETING_VERSION = 1.0;
				PRODUCT_BUNDLE_IDENTIFIER = iLexxG.LoginApp;
				PRODUCT_NAME = "$(TARGET_NAME)";
				PROVISIONING_PROFILE_SPECIFIER = "";
				SWIFT_EMIT_LOC_STRINGS = YES;
				SWIFT_VERSION = 5.0;
				TARGETED_DEVICE_FAMILY = 1;
			};
			name = Debug;
		};
		833B874C27D72F0E00DA8E96 /* Release */ = {
			isa = XCBuildConfiguration;
			buildSettings = {
				ASSETCATALOG_COMPILER_APPICON_NAME = AppIcon;
				ASSETCATALOG_COMPILER_GLOBAL_ACCENT_COLOR_NAME = AccentColor;
				CODE_SIGN_STYLE = Manual;
				CURRENT_PROJECT_VERSION = 1;
				DEVELOPMENT_TEAM = "";
				GENERATE_INFOPLIST_FILE = YES;
				INFOPLIST_FILE = LoginApp/App/Info.plist;
				INFOPLIST_KEY_UIApplicationSupportsIndirectInputEvents = YES;
				INFOPLIST_KEY_UILaunchStoryboardName = LaunchScreen;
				INFOPLIST_KEY_UIMainStoryboardFile = Main;
				INFOPLIST_KEY_UISupportedInterfaceOrientations_iPad = "UIInterfaceOrientationPortrait UIInterfaceOrientationPortraitUpsideDown UIInterfaceOrientationLandscapeLeft UIInterfaceOrientationLandscapeRight";
				INFOPLIST_KEY_UISupportedInterfaceOrientations_iPhone = "UIInterfaceOrientationPortrait UIInterfaceOrientationLandscapeLeft UIInterfaceOrientationLandscapeRight";
				LD_RUNPATH_SEARCH_PATHS = (
					"$(inherited)",
					"@executable_path/Frameworks",
				);
				MARKETING_VERSION = 1.0;
				PRODUCT_BUNDLE_IDENTIFIER = iLexxG.LoginApp;
				PRODUCT_NAME = "$(TARGET_NAME)";
				PROVISIONING_PROFILE_SPECIFIER = "";
				SWIFT_EMIT_LOC_STRINGS = YES;
				SWIFT_VERSION = 5.0;
				TARGETED_DEVICE_FAMILY = 1;
			};
			name = Release;
		};
/* End XCBuildConfiguration section */

/* Begin XCConfigurationList section */
		833B873127D72F0D00DA8E96 /* Build configuration list for PBXProject "LoginApp" */ = {
			isa = XCConfigurationList;
			buildConfigurations = (
				833B874827D72F0E00DA8E96 /* Debug */,
				833B874927D72F0E00DA8E96 /* Release */,
			);
			defaultConfigurationIsVisible = 0;
			defaultConfigurationName = Release;
		};
		833B874A27D72F0E00DA8E96 /* Build configuration list for PBXNativeTarget "LoginApp" */ = {
			isa = XCConfigurationList;
			buildConfigurations = (
				833B874B27D72F0E00DA8E96 /* Debug */,
				833B874C27D72F0E00DA8E96 /* Release */,
			);
			defaultConfigurationIsVisible = 0;
			defaultConfigurationName = Release;
		};
/* End XCConfigurationList section */
	};
	rootObject = 833B872E27D72F0D00DA8E96 /* Project object */;
}
